hash: c38370b8104694de660974cf68fe7b184fbd59361b42ab024ee9baec3eea1843
updated: 2016-12-11T19:00:23.078102178+05:00
imports:
- name: github.com/olekukonko/tablewriter
  version: bdcc175572fd7abece6c831e643891b9331bc9e7
- name: github.com/tj/go-debug
  version: ff4a55a20a86994118644bbddc6a216da193cc13
devImports: []
